
Microsoft Visual Studio Solution File, Format Version 12.00
# Visual Studio Version 17
VisualStudioVersion = 17.2.32616.157
MinimumVisualStudioVersion = 10.0.40219.1
Project("{9A19103F-16F7-4668-BE54-9A1E7A4F7556}") = "StudentManagement.Web", "StudentManagement.Web\StudentManagement.Web.csproj", "{5F391D48-43AE-4775-AA07-5B1F3FD0D415}"
EndProject
Project("{9A19103F-16F7-4668-BE54-9A1E7A4F7556}") = "StudentManagement.Models", "StudentManagement.Models\StudentManagement.Models.csproj", "{1AAE1826-9BB9-46BF-8C83-5895833CC888}"
EndProject
Project("{9A19103F-16F7-4668-BE54-9A1E7A4F7556}") = "StudentManagement.Api", "StudentManagement.Api\StudentManagement.Api.csproj", "{73BD12FB-D277-45B3-9503-2758C08EA715}"
EndProject
Global
	GlobalSection(SolutionConfigurationPlatforms) = preSolution
		Debug|Any CPU = Debug|Any CPU
		Release|Any CPU = Release|Any CPU
	EndGlobalSection
	GlobalSection(ProjectConfigurationPlatforms) = postSolution
		{5F391D48-43AE-4775-AA07-5B1F3FD0D415}.Debug|Any CPU.ActiveCfg = Debug|Any CPU
		{5F391D48-43AE-4775-AA07-5B1F3FD0D415}.Debug|Any CPU.Build.0 = Debug|Any CPU
		{5F391D48-43AE-4775-AA07-5B1F3FD0D415}.Release|Any CPU.ActiveCfg = Release|Any CPU
		{5F391D48-43AE-4775-AA07-5B1F3FD0D415}.Release|Any CPU.Build.0 = Release|Any CPU
		{1AAE1826-9BB9-46BF-8C83-5895833CC888}.Debug|Any CPU.ActiveCfg = Debug|Any CPU
		{1AAE1826-9BB9-46BF-8C83-5895833CC888}.Debug|Any CPU.Build.0 = Debug|Any CPU
		{1AAE1826-9BB9-46BF-8C83-5895833CC888}.Release|Any CPU.ActiveCfg = Release|Any CPU
		{1AAE1826-9BB9-46BF-8C83-5895833CC888}.Release|Any CPU.Build.0 = Release|Any CPU
		{73BD12FB-D277-45B3-9503-2758C08EA715}.Debug|Any CPU.ActiveCfg = Debug|Any CPU
		{73BD12FB-D277-45B3-9503-2758C08EA715}.Debug|Any CPU.Build.0 = Debug|Any CPU
		{73BD12FB-D277-45B3-9503-2758C08EA715}.Release|Any CPU.ActiveCfg = Release|Any CPU
		{73BD12FB-D277-45B3-9503-2758C08EA715}.Release|Any CPU.Build.0 = Release|Any CPU
	EndGlobalSection
	GlobalSection(SolutionProperties) = preSolution
		HideSolutionNode = FALSE
	EndGlobalSection
	GlobalSection(ExtensibilityGlobals) = postSolution
		SolutionGuid = {24EFD283-4230-46B7-9C25-A9C9AB82B0ED}
	EndGlobalSection
EndGlobal
